
Microsoft Visual Studio Solution File, Format Version 12.00
# Visual Studio Version 17
VisualStudioVersion = 17.9.34714.143
MinimumVisualStudioVersion = 10.0.40219.1
Project("{FAE04EC0-301F-11D3-BF4B-00C04F79EFBC}") = "CA1", "CA1\CA1.csproj", "{004B3916-C2E8-4642-A82B-1477A26E254A}"
EndProject
Global
	GlobalSection(SolutionConfigurationPlatforms) = preSolution
		Debug|Any CPU = Debug|Any CPU
		Release|Any CPU = Release|Any CPU
	EndGlobalSection
	GlobalSection(ProjectConfigurationPlatforms) = postSolution
		{004B3916-C2E8-4642-A82B-1477A26E254A}.Debug|Any CPU.ActiveCfg = Debug|Any CPU
		{004B3916-C2E8-4642-A82B-1477A26E254A}.Debug|Any CPU.Build.0 = Debug|Any CPU
		{004B3916-C2E8-4642-A82B-1477A26E254A}.Release|Any CPU.ActiveCfg = Release|Any CPU
		{004B3916-C2E8-4642-A82B-1477A26E254A}.Release|Any CPU.Build.0 = Release|Any CPU
	EndGlobalSection
	GlobalSection(SolutionProperties) = preSolution
		HideSolutionNode = FALSE
	EndGlobalSection
	GlobalSection(ExtensibilityGlobals) = postSolution
		SolutionGuid = {7982BE10-D15F-4829-A3C9-DE5C452B2DB0}
	EndGlobalSection
EndGlobal
